
Microsoft Visual Studio Solution File, Format Version 12.00
# Visual Studio Version 17
VisualStudioVersion = 17.7.34221.43
MinimumVisualStudioVersion = 10.0.40219.1
Project("{9A19103F-16F7-4668-BE54-9A1E7A4F7556}") = "Лабораторная работа №9 формы", "Лабораторная работа №9 формы\Лабораторная работа №9 формы.csproj", "{927A53BE-F298-4B9E-AE75-B470227608B7}"
EndProject
Global
	GlobalSection(SolutionConfigurationPlatforms) = preSolution
		Debug|Any CPU = Debug|Any CPU
		Release|Any CPU = Release|Any CPU
	EndGlobalSection
	GlobalSection(ProjectConfigurationPlatforms) = postSolution
		{927A53BE-F298-4B9E-AE75-B470227608B7}.Debug|Any CPU.ActiveCfg = Debug|Any CPU
		{927A53BE-F298-4B9E-AE75-B470227608B7}.Debug|Any CPU.Build.0 = Debug|Any CPU
		{927A53BE-F298-4B9E-AE75-B470227608B7}.Release|Any CPU.ActiveCfg = Release|Any CPU
		{927A53BE-F298-4B9E-AE75-B470227608B7}.Release|Any CPU.Build.0 = Release|Any CPU
	EndGlobalSection
	GlobalSection(SolutionProperties) = preSolution
		HideSolutionNode = FALSE
	EndGlobalSection
	GlobalSection(ExtensibilityGlobals) = postSolution
		SolutionGuid = {39D178B4-AA72-486E-B444-34EFCA3176B6}
	EndGlobalSection
EndGlobal
